
Microsoft Visual Studio Solution File, Format Version 12.00
# Visual Studio Version 16
VisualStudioVersion = 16.0.31515.178
MinimumVisualStudioVersion = 10.0.40219.1
Project("{FAE04EC0-301F-11D3-BF4B-00C04F79EFBC}") = "ConsoleApp1", "ConsoleApp1\ConsoleApp1.csproj", "{827C8860-8477-4DD6-A9BC-A1AF5420D1DD}"
EndProject
Global
	GlobalSection(SolutionConfigurationPlatforms) = preSolution
		Debug|Any CPU = Debug|Any CPU
		Release|Any CPU = Release|Any CPU
	EndGlobalSection
	GlobalSection(ProjectConfigurationPlatforms) = postSolution
		{827C8860-8477-4DD6-A9BC-A1AF5420D1DD}.Debug|Any CPU.ActiveCfg = Debug|Any CPU
		{827C8860-8477-4DD6-A9BC-A1AF5420D1DD}.Debug|Any CPU.Build.0 = Debug|Any CPU
		{827C8860-8477-4DD6-A9BC-A1AF5420D1DD}.Release|Any CPU.ActiveCfg = Release|Any CPU
		{827C8860-8477-4DD6-A9BC-A1AF5420D1DD}.Release|Any CPU.Build.0 = Release|Any CPU
	EndGlobalSection
	GlobalSection(SolutionProperties) = preSolution
		HideSolutionNode = FALSE
	EndGlobalSection
	GlobalSection(ExtensibilityGlobals) = postSolution
		SolutionGuid = {865DD999-480B-4308-9D58-939E6CDE34E1}
	EndGlobalSection
EndGlobal
